
Microsoft Visual Studio Solution File, Format Version 12.00
# Visual Studio 14
VisualStudioVersion = 14.0.25420.1
MinimumVisualStudioVersion = 10.0.40219.1
Project("{FAE04EC0-301F-11D3-BF4B-00C04F79EFBC}") = "MediaCenter", "MediaCenter\MediaCenter.csproj", "{60D8E75C-50F2-4B66-8B25-8296238CD0BD}"
EndProject
Project("{2150E333-8FDC-42A3-9474-1A3956D46DE8}") = "Modules", "Modules", "{B544CA0B-E680-4E43-AEE8-F6366EB38CDA}"
EndProject
Project("{2150E333-8FDC-42A3-9474-1A3956D46DE8}") = "Service", "Service", "{31ACE501-1DC0-4314-B59E-60743152A83A}"
EndProject
Project("{2150E333-8FDC-42A3-9474-1A3956D46DE8}") = "Common", "Common", "{91E6050A-0FB8-4FA6-AACC-E4A4CACCFD17}"
EndProject
Project("{FAE04EC0-301F-11D3-BF4B-00C04F79EFBC}") = "MediaCenter.Infrastructure", "MediaCenter.Infrastructure\MediaCenter.Infrastructure.csproj", "{C1A0C664-A994-437B-8662-BC38421854F7}"
EndProject
Project("{FAE04EC0-301F-11D3-BF4B-00C04F79EFBC}") = "MediaCenter.Modules.Navigation", "MediaCenter.Modules.Navigation\MediaCenter.Modules.Navigation.csproj", "{724D4B2F-3326-4206-A511-91EDD91418EF}"
EndProject
Project("{FAE04EC0-301F-11D3-BF4B-00C04F79EFBC}") = "MediaCenter.Modules.Header", "MediaCenter.Modules.Header\MediaCenter.Modules.Header.csproj", "{F8146338-DE7D-4479-AA80-8899EEE37300}"
EndProject
Project("{FAE04EC0-301F-11D3-BF4B-00C04F79EFBC}") = "MediaCenter.Theme", "MediaCenter.Theme\MediaCenter.Theme.csproj", "{72CED788-33BB-467D-B946-1E07BE5055AE}"
EndProject
Project("{FAE04EC0-301F-11D3-BF4B-00C04F79EFBC}") = "FileExplorer", "FileExplorer\FileExplorer.csproj", "{D8BCAB64-0CD9-4390-AAEC-7839417E8D22}"
EndProject
Project("{FAE04EC0-301F-11D3-BF4B-00C04F79EFBC}") = "Utilities", "Utilities\Utilities.csproj", "{3362BCCC-3DDA-4DB8-8E91-E4FF3BA9FEA3}"
EndProject
Project("{FAE04EC0-301F-11D3-BF4B-00C04F79EFBC}") = "NLogger", "NLogger\NLogger.csproj", "{2055C0D2-9E61-410D-B3B1-EA843E1C851F}"
EndProject
Project("{FAE04EC0-301F-11D3-BF4B-00C04F79EFBC}") = "DBUtility", "DBUtility\DBUtility.csproj", "{3319AC7C-80E7-490F-9D93-A31157AEAF31}"
EndProject
Project("{2150E333-8FDC-42A3-9474-1A3956D46DE8}") = "DAL", "DAL", "{7213A385-56BC-46C8-BAC2-8D074B95F9D6}"
EndProject
Project("{FAE04EC0-301F-11D3-BF4B-00C04F79EFBC}") = "IDAL", "IDAL\IDAL.csproj", "{908D345E-4EB7-4161-BDF1-F6A85DC60991}"
EndProject
Project("{FAE04EC0-301F-11D3-BF4B-00C04F79EFBC}") = "SQLiteDAL", "SQLiteDAL\SQLiteDAL.csproj", "{51304024-BBB5-4B22-B218-A93C6B1B2B25}"
EndProject
Project("{FAE04EC0-301F-11D3-BF4B-00C04F79EFBC}") = "MediaCenter.Modules.Showcase", "MediaCenter.Modules.Showcase\MediaCenter.Modules.Showcase.csproj", "{E09C13FB-3838-4F97-BD4D-75A17409732A}"
EndProject
Project("{FAE04EC0-301F-11D3-BF4B-00C04F79EFBC}") = "MediaCenter.Modules.Footer", "MediaCenter.Modules.Footer\MediaCenter.Modules.Footer.csproj", "{8C5B9553-F3C0-428B-9C4F-C428259D2890}"
EndProject
Global
	GlobalSection(SolutionConfigurationPlatforms) = preSolution
		Debug|Any CPU = Debug|Any CPU
		Debug|x86 = Debug|x86
		Release|Any CPU = Release|Any CPU
		Release|x86 = Release|x86
	EndGlobalSection
	GlobalSection(ProjectConfigurationPlatforms) = postSolution
		{60D8E75C-50F2-4B66-8B25-8296238CD0BD}.Debug|Any CPU.ActiveCfg = Debug|Any CPU
		{60D8E75C-50F2-4B66-8B25-8296238CD0BD}.Debug|Any CPU.Build.0 = Debug|Any CPU
		{60D8E75C-50F2-4B66-8B25-8296238CD0BD}.Debug|x86.ActiveCfg = Debug|x86
		{60D8E75C-50F2-4B66-8B25-8296238CD0BD}.Debug|x86.Build.0 = Debug|x86
		{60D8E75C-50F2-4B66-8B25-8296238CD0BD}.Release|Any CPU.ActiveCfg = Release|Any CPU
		{60D8E75C-50F2-4B66-8B25-8296238CD0BD}.Release|Any CPU.Build.0 = Release|Any CPU
		{60D8E75C-50F2-4B66-8B25-8296238CD0BD}.Release|x86.ActiveCfg = Release|x86
		{60D8E75C-50F2-4B66-8B25-8296238CD0BD}.Release|x86.Build.0 = Release|x86
		{C1A0C664-A994-437B-8662-BC38421854F7}.Debug|Any CPU.ActiveCfg = Debug|Any CPU
		{C1A0C664-A994-437B-8662-BC38421854F7}.Debug|Any CPU.Build.0 = Debug|Any CPU
		{C1A0C664-A994-437B-8662-BC38421854F7}.Debug|x86.ActiveCfg = Debug|x86
		{C1A0C664-A994-437B-8662-BC38421854F7}.Debug|x86.Build.0 = Debug|x86
		{C1A0C664-A994-437B-8662-BC38421854F7}.Release|Any CPU.ActiveCfg = Release|Any CPU
		{C1A0C664-A994-437B-8662-BC38421854F7}.Release|Any CPU.Build.0 = Release|Any CPU
		{C1A0C664-A994-437B-8662-BC38421854F7}.Release|x86.ActiveCfg = Release|x86
		{C1A0C664-A994-437B-8662-BC38421854F7}.Release|x86.Build.0 = Release|x86
		{724D4B2F-3326-4206-A511-91EDD91418EF}.Debug|Any CPU.ActiveCfg = Debug|Any CPU
		{724D4B2F-3326-4206-A511-91EDD91418EF}.Debug|Any CPU.Build.0 = Debug|Any CPU
		{724D4B2F-3326-4206-A511-91EDD91418EF}.Debug|x86.ActiveCfg = Debug|x86
		{724D4B2F-3326-4206-A511-91EDD91418EF}.Debug|x86.Build.0 = Debug|x86
		{724D4B2F-3326-4206-A511-91EDD91418EF}.Release|Any CPU.ActiveCfg = Release|Any CPU
		{724D4B2F-3326-4206-A511-91EDD91418EF}.Release|Any CPU.Build.0 = Release|Any CPU
		{724D4B2F-3326-4206-A511-91EDD91418EF}.Release|x86.ActiveCfg = Release|x86
		{724D4B2F-3326-4206-A511-91EDD91418EF}.Release|x86.Build.0 = Release|x86
		{F8146338-DE7D-4479-AA80-8899EEE37300}.Debug|Any CPU.ActiveCfg = Debug|Any CPU
		{F8146338-DE7D-4479-AA80-8899EEE37300}.Debug|Any CPU.Build.0 = Debug|Any CPU
		{F8146338-DE7D-4479-AA80-8899EEE37300}.Debug|x86.ActiveCfg = Debug|x86
		{F8146338-DE7D-4479-AA80-8899EEE37300}.Debug|x86.Build.0 = Debug|x86
		{F8146338-DE7D-4479-AA80-8899EEE37300}.Release|Any CPU.ActiveCfg = Release|Any CPU
		{F8146338-DE7D-4479-AA80-8899EEE37300}.Release|Any CPU.Build.0 = Release|Any CPU
		{F8146338-DE7D-4479-AA80-8899EEE37300}.Release|x86.ActiveCfg = Release|x86
		{F8146338-DE7D-4479-AA80-8899EEE37300}.Release|x86.Build.0 = Release|x86
		{72CED788-33BB-467D-B946-1E07BE5055AE}.Debug|Any CPU.ActiveCfg = Debug|Any CPU
		{72CED788-33BB-467D-B946-1E07BE5055AE}.Debug|Any CPU.Build.0 = Debug|Any CPU
		{72CED788-33BB-467D-B946-1E07BE5055AE}.Debug|x86.ActiveCfg = Debug|x86
		{72CED788-33BB-467D-B946-1E07BE5055AE}.Debug|x86.Build.0 = Debug|x86
		{72CED788-33BB-467D-B946-1E07BE5055AE}.Release|Any CPU.ActiveCfg = Release|Any CPU
		{72CED788-33BB-467D-B946-1E07BE5055AE}.Release|Any CPU.Build.0 = Release|Any CPU
		{72CED788-33BB-467D-B946-1E07BE5055AE}.Release|x86.ActiveCfg = Release|x86
		{72CED788-33BB-467D-B946-1E07BE5055AE}.Release|x86.Build.0 = Release|x86
		{D8BCAB64-0CD9-4390-AAEC-7839417E8D22}.Debug|Any CPU.ActiveCfg = Debug|Any CPU
		{D8BCAB64-0CD9-4390-AAEC-7839417E8D22}.Debug|Any CPU.Build.0 = Debug|Any CPU
		{D8BCAB64-0CD9-4390-AAEC-7839417E8D22}.Debug|x86.ActiveCfg = Debug|x86
		{D8BCAB64-0CD9-4390-AAEC-7839417E8D22}.Debug|x86.Build.0 = Debug|x86
		{D8BCAB64-0CD9-4390-AAEC-7839417E8D22}.Release|Any CPU.ActiveCfg = Release|Any CPU
		{D8BCAB64-0CD9-4390-AAEC-7839417E8D22}.Release|Any CPU.Build.0 = Release|Any CPU
		{D8BCAB64-0CD9-4390-AAEC-7839417E8D22}.Release|x86.ActiveCfg = Release|x86
		{D8BCAB64-0CD9-4390-AAEC-7839417E8D22}.Release|x86.Build.0 = Release|x86
		{3362BCCC-3DDA-4DB8-8E91-E4FF3BA9FEA3}.Debug|Any CPU.ActiveCfg = Debug|Any CPU
		{3362BCCC-3DDA-4DB8-8E91-E4FF3BA9FEA3}.Debug|Any CPU.Build.0 = Debug|Any CPU
		{3362BCCC-3DDA-4DB8-8E91-E4FF3BA9FEA3}.Debug|x86.ActiveCfg = Debug|x86
		{3362BCCC-3DDA-4DB8-8E91-E4FF3BA9FEA3}.Debug|x86.Build.0 = Debug|x86
		{3362BCCC-3DDA-4DB8-8E91-E4FF3BA9FEA3}.Release|Any CPU.ActiveCfg = Release|Any CPU
		{3362BCCC-3DDA-4DB8-8E91-E4FF3BA9FEA3}.Release|Any CPU.Build.0 = Release|Any CPU
		{3362BCCC-3DDA-4DB8-8E91-E4FF3BA9FEA3}.Release|x86.ActiveCfg = Release|x86
		{3362BCCC-3DDA-4DB8-8E91-E4FF3BA9FEA3}.Release|x86.Build.0 = Release|x86
		{2055C0D2-9E61-410D-B3B1-EA843E1C851F}.Debug|Any CPU.ActiveCfg = Debug|Any CPU
		{2055C0D2-9E61-410D-B3B1-EA843E1C851F}.Debug|Any CPU.Build.0 = Debug|Any CPU
		{2055C0D2-9E61-410D-B3B1-EA843E1C851F}.Debug|x86.ActiveCfg = Debug|x86
		{2055C0D2-9E61-410D-B3B1-EA843E1C851F}.Debug|x86.Build.0 = Debug|x86
		{2055C0D2-9E61-410D-B3B1-EA843E1C851F}.Release|Any CPU.ActiveCfg = Release|Any CPU
		{2055C0D2-9E61-410D-B3B1-EA843E1C851F}.Release|Any CPU.Build.0 = Release|Any CPU
		{2055C0D2-9E61-410D-B3B1-EA843E1C851F}.Release|x86.ActiveCfg = Release|x86
		{2055C0D2-9E61-410D-B3B1-EA843E1C851F}.Release|x86.Build.0 = Release|x86
		{3319AC7C-80E7-490F-9D93-A31157AEAF31}.Debug|Any CPU.ActiveCfg = Debug|Any CPU
		{3319AC7C-80E7-490F-9D93-A31157AEAF31}.Debug|Any CPU.Build.0 = Debug|Any CPU
		{3319AC7C-80E7-490F-9D93-A31157AEAF31}.Debug|x86.ActiveCfg = Debug|x86
		{3319AC7C-80E7-490F-9D93-A31157AEAF31}.Debug|x86.Build.0 = Debug|x86
		{3319AC7C-80E7-490F-9D93-A31157AEAF31}.Release|Any CPU.ActiveCfg = Release|Any CPU
		{3319AC7C-80E7-490F-9D93-A31157AEAF31}.Release|Any CPU.Build.0 = Release|Any CPU
		{3319AC7C-80E7-490F-9D93-A31157AEAF31}.Release|x86.ActiveCfg = Release|x86
		{3319AC7C-80E7-490F-9D93-A31157AEAF31}.Release|x86.Build.0 = Release|x86
		{908D345E-4EB7-4161-BDF1-F6A85DC60991}.Debug|Any CPU.ActiveCfg = Debug|Any CPU
		{908D345E-4EB7-4161-BDF1-F6A85DC60991}.Debug|Any CPU.Build.0 = Debug|Any CPU
		{908D345E-4EB7-4161-BDF1-F6A85DC60991}.Debug|x86.ActiveCfg = Debug|Any CPU
		{908D345E-4EB7-4161-BDF1-F6A85DC60991}.Debug|x86.Build.0 = Debug|Any CPU
		{908D345E-4EB7-4161-BDF1-F6A85DC60991}.Release|Any CPU.ActiveCfg = Release|Any CPU
		{908D345E-4EB7-4161-BDF1-F6A85DC60991}.Release|Any CPU.Build.0 = Release|Any CPU
		{908D345E-4EB7-4161-BDF1-F6A85DC60991}.Release|x86.ActiveCfg = Release|Any CPU
		{908D345E-4EB7-4161-BDF1-F6A85DC60991}.Release|x86.Build.0 = Release|Any CPU
		{51304024-BBB5-4B22-B218-A93C6B1B2B25}.Debug|Any CPU.ActiveCfg = Debug|Any CPU
		{51304024-BBB5-4B22-B218-A93C6B1B2B25}.Debug|Any CPU.Build.0 = Debug|Any CPU
		{51304024-BBB5-4B22-B218-A93C6B1B2B25}.Debug|x86.ActiveCfg = Debug|Any CPU
		{51304024-BBB5-4B22-B218-A93C6B1B2B25}.Debug|x86.Build.0 = Debug|Any CPU
		{51304024-BBB5-4B22-B218-A93C6B1B2B25}.Release|Any CPU.ActiveCfg = Release|Any CPU
		{51304024-BBB5-4B22-B218-A93C6B1B2B25}.Release|Any CPU.Build.0 = Release|Any CPU
		{51304024-BBB5-4B22-B218-A93C6B1B2B25}.Release|x86.ActiveCfg = Release|Any CPU
		{51304024-BBB5-4B22-B218-A93C6B1B2B25}.Release|x86.Build.0 = Release|Any CPU
		{E09C13FB-3838-4F97-BD4D-75A17409732A}.Debug|Any CPU.ActiveCfg = Debug|Any CPU
		{E09C13FB-3838-4F97-BD4D-75A17409732A}.Debug|Any CPU.Build.0 = Debug|Any CPU
		{E09C13FB-3838-4F97-BD4D-75A17409732A}.Debug|x86.ActiveCfg = Debug|Any CPU
		{E09C13FB-3838-4F97-BD4D-75A17409732A}.Debug|x86.Build.0 = Debug|Any CPU
		{E09C13FB-3838-4F97-BD4D-75A17409732A}.Release|Any CPU.ActiveCfg = Release|Any CPU
		{E09C13FB-3838-4F97-BD4D-75A17409732A}.Release|Any CPU.Build.0 = Release|Any CPU
		{E09C13FB-3838-4F97-BD4D-75A17409732A}.Release|x86.ActiveCfg = Release|Any CPU
		{E09C13FB-3838-4F97-BD4D-75A17409732A}.Release|x86.Build.0 = Release|Any CPU
		{8C5B9553-F3C0-428B-9C4F-C428259D2890}.Debug|Any CPU.ActiveCfg = Debug|Any CPU
		{8C5B9553-F3C0-428B-9C4F-C428259D2890}.Debug|Any CPU.Build.0 = Debug|Any CPU
		{8C5B9553-F3C0-428B-9C4F-C428259D2890}.Debug|x86.ActiveCfg = Debug|Any CPU
		{8C5B9553-F3C0-428B-9C4F-C428259D2890}.Debug|x86.Build.0 = Debug|Any CPU
		{8C5B9553-F3C0-428B-9C4F-C428259D2890}.Release|Any CPU.ActiveCfg = Release|Any CPU
		{8C5B9553-F3C0-428B-9C4F-C428259D2890}.Release|Any CPU.Build.0 = Release|Any CPU
		{8C5B9553-F3C0-428B-9C4F-C428259D2890}.Release|x86.ActiveCfg = Release|Any CPU
		{8C5B9553-F3C0-428B-9C4F-C428259D2890}.Release|x86.Build.0 = Release|Any CPU
	EndGlobalSection
	GlobalSection(SolutionProperties) = preSolution
		HideSolutionNode = FALSE
	EndGlobalSection
	GlobalSection(NestedProjects) = preSolution
		{C1A0C664-A994-437B-8662-BC38421854F7} = {91E6050A-0FB8-4FA6-AACC-E4A4CACCFD17}
		{724D4B2F-3326-4206-A511-91EDD91418EF} = {B544CA0B-E680-4E43-AEE8-F6366EB38CDA}
		{F8146338-DE7D-4479-AA80-8899EEE37300} = {B544CA0B-E680-4E43-AEE8-F6366EB38CDA}
		{D8BCAB64-0CD9-4390-AAEC-7839417E8D22} = {91E6050A-0FB8-4FA6-AACC-E4A4CACCFD17}
		{3319AC7C-80E7-490F-9D93-A31157AEAF31} = {7213A385-56BC-46C8-BAC2-8D074B95F9D6}
		{908D345E-4EB7-4161-BDF1-F6A85DC60991} = {7213A385-56BC-46C8-BAC2-8D074B95F9D6}
		{51304024-BBB5-4B22-B218-A93C6B1B2B25} = {7213A385-56BC-46C8-BAC2-8D074B95F9D6}
		{E09C13FB-3838-4F97-BD4D-75A17409732A} = {B544CA0B-E680-4E43-AEE8-F6366EB38CDA}
		{8C5B9553-F3C0-428B-9C4F-C428259D2890} = {B544CA0B-E680-4E43-AEE8-F6366EB38CDA}
	EndGlobalSection
EndGlobal
